
Microsoft Visual Studio Solution File, Format Version 12.00
# Visual Studio Version 16
VisualStudioVersion = 16.0.32630.194
MinimumVisualStudioVersion = 10.0.40219.1
Project("{FAE04EC0-301F-11D3-BF4B-00C04F79EFBC}") = "number", "number\number.csproj", "{A5851524-C6D4-48E0-B3EC-4046405B7D56}"
EndProject
Global
	GlobalSection(SolutionConfigurationPlatforms) = preSolution
		Debug|Any CPU = Debug|Any CPU
		Release|Any CPU = Release|Any CPU
	EndGlobalSection
	GlobalSection(ProjectConfigurationPlatforms) = postSolution
		{A5851524-C6D4-48E0-B3EC-4046405B7D56}.Debug|Any CPU.ActiveCfg = Debug|Any CPU
		{A5851524-C6D4-48E0-B3EC-4046405B7D56}.Debug|Any CPU.Build.0 = Debug|Any CPU
		{A5851524-C6D4-48E0-B3EC-4046405B7D56}.Release|Any CPU.ActiveCfg = Release|Any CPU
		{A5851524-C6D4-48E0-B3EC-4046405B7D56}.Release|Any CPU.Build.0 = Release|Any CPU
	EndGlobalSection
	GlobalSection(SolutionProperties) = preSolution
		HideSolutionNode = FALSE
	EndGlobalSection
	GlobalSection(ExtensibilityGlobals) = postSolution
		SolutionGuid = {1A72D900-AF7C-41BD-9E25-CE3FF0CB4827}
	EndGlobalSection
EndGlobal
